
Microsoft Visual Studio Solution File, Format Version 12.00
# Visual Studio Version 17
VisualStudioVersion = 17.10.35013.160
MinimumVisualStudioVersion = 10.0.40219.1
Project("{FAE04EC0-301F-11D3-BF4B-00C04F79EFBC}") = "WinFormsApp1", "WinFormsApp1\WinFormsApp1.csproj", "{F8909BA9-2340-4057-8737-55B305710D2F}"
EndProject
Project("{2150E333-8FDC-42A3-9474-1A3956D46DE8}") = "Solution Items", "Solution Items", "{993946B5-CEBC-4CF4-991D-53EC47629E3E}"
	ProjectSection(SolutionItems) = preProject
		bilgi.txt = bilgi.txt
	EndProjectSection
EndProject
Global
	GlobalSection(SolutionConfigurationPlatforms) = preSolution
		Debug|Any CPU = Debug|Any CPU
		Release|Any CPU = Release|Any CPU
	EndGlobalSection
	GlobalSection(ProjectConfigurationPlatforms) = postSolution
		{F8909BA9-2340-4057-8737-55B305710D2F}.Debug|Any CPU.ActiveCfg = Debug|Any CPU
		{F8909BA9-2340-4057-8737-55B305710D2F}.Debug|Any CPU.Build.0 = Debug|Any CPU
		{F8909BA9-2340-4057-8737-55B305710D2F}.Release|Any CPU.ActiveCfg = Release|Any CPU
		{F8909BA9-2340-4057-8737-55B305710D2F}.Release|Any CPU.Build.0 = Release|Any CPU
	EndGlobalSection
	GlobalSection(SolutionProperties) = preSolution
		HideSolutionNode = FALSE
	EndGlobalSection
	GlobalSection(ExtensibilityGlobals) = postSolution
		SolutionGuid = {33067BE2-FB93-4CAA-A2AF-15E264B4E8E2}
	EndGlobalSection
EndGlobal
